
Microsoft Visual Studio Solution File, Format Version 12.00
# Visual Studio 15
VisualStudioVersion = 15.0.33919.361
MinimumVisualStudioVersion = 10.0.40219.1
Project("{FAE04EC0-301F-11D3-BF4B-00C04F79EFBC}") = "Phase3Section5.5", "Phase3Section5.5\Phase3Section5.5.csproj", "{2FF1B5B3-E210-446C-ADEA-90A53B57EE6C}"
EndProject
Project("{FAE04EC0-301F-11D3-BF4B-00C04F79EFBC}") = "Phase3Section5.5Host", "Phase3Section5.5Host\Phase3Section5.5Host.csproj", "{C5E6D933-2C08-42A0-9B00-A0DA9A71C6F4}"
EndProject
Project("{FAE04EC0-301F-11D3-BF4B-00C04F79EFBC}") = "Phase3Section5.5Client", "Phase3Section5.5Client\Phase3Section5.5Client.csproj", "{4E85CCE3-0E32-4F31-A342-D8CDA1802E71}"
EndProject
Global
	GlobalSection(SolutionConfigurationPlatforms) = preSolution
		Debug|Any CPU = Debug|Any CPU
		Release|Any CPU = Release|Any CPU
	EndGlobalSection
	GlobalSection(ProjectConfigurationPlatforms) = postSolution
		{2FF1B5B3-E210-446C-ADEA-90A53B57EE6C}.Debug|Any CPU.ActiveCfg = Debug|Any CPU
		{2FF1B5B3-E210-446C-ADEA-90A53B57EE6C}.Debug|Any CPU.Build.0 = Debug|Any CPU
		{2FF1B5B3-E210-446C-ADEA-90A53B57EE6C}.Release|Any CPU.ActiveCfg = Release|Any CPU
		{2FF1B5B3-E210-446C-ADEA-90A53B57EE6C}.Release|Any CPU.Build.0 = Release|Any CPU
		{C5E6D933-2C08-42A0-9B00-A0DA9A71C6F4}.Debug|Any CPU.ActiveCfg = Debug|Any CPU
		{C5E6D933-2C08-42A0-9B00-A0DA9A71C6F4}.Debug|Any CPU.Build.0 = Debug|Any CPU
		{C5E6D933-2C08-42A0-9B00-A0DA9A71C6F4}.Release|Any CPU.ActiveCfg = Release|Any CPU
		{C5E6D933-2C08-42A0-9B00-A0DA9A71C6F4}.Release|Any CPU.Build.0 = Release|Any CPU
		{4E85CCE3-0E32-4F31-A342-D8CDA1802E71}.Debug|Any CPU.ActiveCfg = Debug|Any CPU
		{4E85CCE3-0E32-4F31-A342-D8CDA1802E71}.Debug|Any CPU.Build.0 = Debug|Any CPU
		{4E85CCE3-0E32-4F31-A342-D8CDA1802E71}.Release|Any CPU.ActiveCfg = Release|Any CPU
		{4E85CCE3-0E32-4F31-A342-D8CDA1802E71}.Release|Any CPU.Build.0 = Release|Any CPU
	EndGlobalSection
	GlobalSection(SolutionProperties) = preSolution
		HideSolutionNode = FALSE
	EndGlobalSection
	GlobalSection(ExtensibilityGlobals) = postSolution
		SolutionGuid = {A1F12BBC-FB1B-4281-A70C-78F535B2F861}
	EndGlobalSection
EndGlobal
